
Microsoft Visual Studio Solution File, Format Version 12.00
Project("{FAE04EC0-301F-11D3-BF4B-00C04F79EFBC}") = "pro", "pro\pro.csproj", "{7794D93D-1C8D-4F8C-AF73-70FA5DC969E8}"
EndProject
Global
	GlobalSection(SolutionConfigurationPlatforms) = preSolution
		Debug|Any CPU = Debug|Any CPU
		Release|Any CPU = Release|Any CPU
	EndGlobalSection
	GlobalSection(ProjectConfigurationPlatforms) = postSolution
		{7794D93D-1C8D-4F8C-AF73-70FA5DC969E8}.Debug|Any CPU.ActiveCfg = Debug|Any CPU
		{7794D93D-1C8D-4F8C-AF73-70FA5DC969E8}.Debug|Any CPU.Build.0 = Debug|Any CPU
		{7794D93D-1C8D-4F8C-AF73-70FA5DC969E8}.Release|Any CPU.ActiveCfg = Release|Any CPU
		{7794D93D-1C8D-4F8C-AF73-70FA5DC969E8}.Release|Any CPU.Build.0 = Release|Any CPU
	EndGlobalSection
EndGlobal
